
Microsoft Visual Studio Solution File, Format Version 12.00
# Visual Studio 15
VisualStudioVersion = 15.0.27004.2005
MinimumVisualStudioVersion = 10.0.40219.1
Project("{FAE04EC0-301F-11D3-BF4B-00C04F79EFBC}") = "SmartBulbVoiceCommand.Android", "SmartBulbVoiceCommand\SmartBulbVoiceCommand.Android\SmartBulbVoiceCommand.Android.csproj", "{3BCC4B4C-7099-4C28-83A3-5F2D85A44EB2}"
EndProject
Project("{FAE04EC0-301F-11D3-BF4B-00C04F79EFBC}") = "SmartBulbVoiceCommand", "SmartBulbVoiceCommand\SmartBulbVoiceCommand\SmartBulbVoiceCommand.csproj", "{EE240E2C-DAC0-4646-885F-5E4D5F7A8EED}"
EndProject
Project("{FAE04EC0-301F-11D3-BF4B-00C04F79EFBC}") = "SmartBulbVoiceCommand.UWP", "SmartBulbVoiceCommand\SmartBulbVoiceCommand.UWP\SmartBulbVoiceCommand.UWP.csproj", "{DBE572B6-4267-4BAF-87C5-DC4418BEDAFD}"
EndProject
Project("{FAE04EC0-301F-11D3-BF4B-00C04F79EFBC}") = "SmartBulbVoiceCommand.iOS", "SmartBulbVoiceCommand\SmartBulbVoiceCommand.iOS\SmartBulbVoiceCommand.iOS.csproj", "{F8BE16A1-9EF3-48FA-BD64-984F29641883}"
EndProject
Global
	GlobalSection(SolutionConfigurationPlatforms) = preSolution
		Ad-Hoc|Any CPU = Ad-Hoc|Any CPU
		Ad-Hoc|ARM = Ad-Hoc|ARM
		Ad-Hoc|iPhone = Ad-Hoc|iPhone
		Ad-Hoc|iPhoneSimulator = Ad-Hoc|iPhoneSimulator
		Ad-Hoc|x64 = Ad-Hoc|x64
		Ad-Hoc|x86 = Ad-Hoc|x86
		AppStore|Any CPU = AppStore|Any CPU
		AppStore|ARM = AppStore|ARM
		AppStore|iPhone = AppStore|iPhone
		AppStore|iPhoneSimulator = AppStore|iPhoneSimulator
		AppStore|x64 = AppStore|x64
		AppStore|x86 = AppStore|x86
		Debug|Any CPU = Debug|Any CPU
		Debug|ARM = Debug|ARM
		Debug|iPhone = Debug|iPhone
		Debug|iPhoneSimulator = Debug|iPhoneSimulator
		Debug|x64 = Debug|x64
		Debug|x86 = Debug|x86
		Release|Any CPU = Release|Any CPU
		Release|ARM = Release|ARM
		Release|iPhone = Release|iPhone
		Release|iPhoneSimulator = Release|iPhoneSimulator
		Release|x64 = Release|x64
		Release|x86 = Release|x86
	EndGlobalSection
	GlobalSection(ProjectConfigurationPlatforms) = postSolution
		{3BCC4B4C-7099-4C28-83A3-5F2D85A44EB2}.Ad-Hoc|Any CPU.ActiveCfg = Release|Any CPU
		{3BCC4B4C-7099-4C28-83A3-5F2D85A44EB2}.Ad-Hoc|Any CPU.Build.0 = Release|Any CPU
		{3BCC4B4C-7099-4C28-83A3-5F2D85A44EB2}.Ad-Hoc|Any CPU.Deploy.0 = Release|Any CPU
		{3BCC4B4C-7099-4C28-83A3-5F2D85A44EB2}.Ad-Hoc|ARM.ActiveCfg = Release|Any CPU
		{3BCC4B4C-7099-4C28-83A3-5F2D85A44EB2}.Ad-Hoc|ARM.Build.0 = Release|Any CPU
		{3BCC4B4C-7099-4C28-83A3-5F2D85A44EB2}.Ad-Hoc|ARM.Deploy.0 = Release|Any CPU
		{3BCC4B4C-7099-4C28-83A3-5F2D85A44EB2}.Ad-Hoc|iPhone.ActiveCfg = Release|Any CPU
		{3BCC4B4C-7099-4C28-83A3-5F2D85A44EB2}.Ad-Hoc|iPhone.Build.0 = Release|Any CPU
		{3BCC4B4C-7099-4C28-83A3-5F2D85A44EB2}.Ad-Hoc|iPhone.Deploy.0 = Release|Any CPU
		{3BCC4B4C-7099-4C28-83A3-5F2D85A44EB2}.Ad-Hoc|iPhoneSimulator.ActiveCfg = Release|Any CPU
		{3BCC4B4C-7099-4C28-83A3-5F2D85A44EB2}.Ad-Hoc|iPhoneSimulator.Build.0 = Release|Any CPU
		{3BCC4B4C-7099-4C28-83A3-5F2D85A44EB2}.Ad-Hoc|iPhoneSimulator.Deploy.0 = Release|Any CPU
		{3BCC4B4C-7099-4C28-83A3-5F2D85A44EB2}.Ad-Hoc|x64.ActiveCfg = Release|Any CPU
		{3BCC4B4C-7099-4C28-83A3-5F2D85A44EB2}.Ad-Hoc|x64.Build.0 = Release|Any CPU
		{3BCC4B4C-7099-4C28-83A3-5F2D85A44EB2}.Ad-Hoc|x64.Deploy.0 = Release|Any CPU
		{3BCC4B4C-7099-4C28-83A3-5F2D85A44EB2}.Ad-Hoc|x86.ActiveCfg = Release|Any CPU
		{3BCC4B4C-7099-4C28-83A3-5F2D85A44EB2}.Ad-Hoc|x86.Build.0 = Release|Any CPU
		{3BCC4B4C-7099-4C28-83A3-5F2D85A44EB2}.Ad-Hoc|x86.Deploy.0 = Release|Any CPU
		{3BCC4B4C-7099-4C28-83A3-5F2D85A44EB2}.AppStore|Any CPU.ActiveCfg = Release|Any CPU
		{3BCC4B4C-7099-4C28-83A3-5F2D85A44EB2}.AppStore|Any CPU.Build.0 = Release|Any CPU
		{3BCC4B4C-7099-4C28-83A3-5F2D85A44EB2}.AppStore|Any CPU.Deploy.0 = Release|Any CPU
		{3BCC4B4C-7099-4C28-83A3-5F2D85A44EB2}.AppStore|ARM.ActiveCfg = Release|Any CPU
		{3BCC4B4C-7099-4C28-83A3-5F2D85A44EB2}.AppStore|ARM.Build.0 = Release|Any CPU
		{3BCC4B4C-7099-4C28-83A3-5F2D85A44EB2}.AppStore|ARM.Deploy.0 = Release|Any CPU
		{3BCC4B4C-7099-4C28-83A3-5F2D85A44EB2}.AppStore|iPhone.ActiveCfg = Release|Any CPU
		{3BCC4B4C-7099-4C28-83A3-5F2D85A44EB2}.AppStore|iPhone.Build.0 = Release|Any CPU
		{3BCC4B4C-7099-4C28-83A3-5F2D85A44EB2}.AppStore|iPhone.Deploy.0 = Release|Any CPU
		{3BCC4B4C-7099-4C28-83A3-5F2D85A44EB2}.AppStore|iPhoneSimulator.ActiveCfg = Release|Any CPU
		{3BCC4B4C-7099-4C28-83A3-5F2D85A44EB2}.AppStore|iPhoneSimulator.Build.0 = Release|Any CPU
		{3BCC4B4C-7099-4C28-83A3-5F2D85A44EB2}.AppStore|iPhoneSimulator.Deploy.0 = Release|Any CPU
		{3BCC4B4C-7099-4C28-83A3-5F2D85A44EB2}.AppStore|x64.ActiveCfg = Release|Any CPU
		{3BCC4B4C-7099-4C28-83A3-5F2D85A44EB2}.AppStore|x64.Build.0 = Release|Any CPU
		{3BCC4B4C-7099-4C28-83A3-5F2D85A44EB2}.AppStore|x64.Deploy.0 = Release|Any CPU
		{3BCC4B4C-7099-4C28-83A3-5F2D85A44EB2}.AppStore|x86.ActiveCfg = Release|Any CPU
		{3BCC4B4C-7099-4C28-83A3-5F2D85A44EB2}.AppStore|x86.Build.0 = Release|Any CPU
		{3BCC4B4C-7099-4C28-83A3-5F2D85A44EB2}.AppStore|x86.Deploy.0 = Release|Any CPU
		{3BCC4B4C-7099-4C28-83A3-5F2D85A44EB2}.Debug|Any CPU.ActiveCfg = Debug|Any CPU
		{3BCC4B4C-7099-4C28-83A3-5F2D85A44EB2}.Debug|Any CPU.Build.0 = Debug|Any CPU
		{3BCC4B4C-7099-4C28-83A3-5F2D85A44EB2}.Debug|Any CPU.Deploy.0 = Debug|Any CPU
		{3BCC4B4C-7099-4C28-83A3-5F2D85A44EB2}.Debug|ARM.ActiveCfg = Debug|Any CPU
		{3BCC4B4C-7099-4C28-83A3-5F2D85A44EB2}.Debug|ARM.Build.0 = Debug|Any CPU
		{3BCC4B4C-7099-4C28-83A3-5F2D85A44EB2}.Debug|ARM.Deploy.0 = Debug|Any CPU
		{3BCC4B4C-7099-4C28-83A3-5F2D85A44EB2}.Debug|iPhone.ActiveCfg = Debug|Any CPU
		{3BCC4B4C-7099-4C28-83A3-5F2D85A44EB2}.Debug|iPhone.Build.0 = Debug|Any CPU
		{3BCC4B4C-7099-4C28-83A3-5F2D85A44EB2}.Debug|iPhone.Deploy.0 = Debug|Any CPU
		{3BCC4B4C-7099-4C28-83A3-5F2D85A44EB2}.Debug|iPhoneSimulator.ActiveCfg = Debug|Any CPU
		{3BCC4B4C-7099-4C28-83A3-5F2D85A44EB2}.Debug|iPhoneSimulator.Build.0 = Debug|Any CPU
		{3BCC4B4C-7099-4C28-83A3-5F2D85A44EB2}.Debug|iPhoneSimulator.Deploy.0 = Debug|Any CPU
		{3BCC4B4C-7099-4C28-83A3-5F2D85A44EB2}.Debug|x64.ActiveCfg = Debug|Any CPU
		{3BCC4B4C-7099-4C28-83A3-5F2D85A44EB2}.Debug|x64.Build.0 = Debug|Any CPU
		{3BCC4B4C-7099-4C28-83A3-5F2D85A44EB2}.Debug|x64.Deploy.0 = Debug|Any CPU
		{3BCC4B4C-7099-4C28-83A3-5F2D85A44EB2}.Debug|x86.ActiveCfg = Debug|Any CPU
		{3BCC4B4C-7099-4C28-83A3-5F2D85A44EB2}.Debug|x86.Build.0 = Debug|Any CPU
		{3BCC4B4C-7099-4C28-83A3-5F2D85A44EB2}.Debug|x86.Deploy.0 = Debug|Any CPU
		{3BCC4B4C-7099-4C28-83A3-5F2D85A44EB2}.Release|Any CPU.ActiveCfg = Release|Any CPU
		{3BCC4B4C-7099-4C28-83A3-5F2D85A44EB2}.Release|Any CPU.Build.0 = Release|Any CPU
		{3BCC4B4C-7099-4C28-83A3-5F2D85A44EB2}.Release|Any CPU.Deploy.0 = Release|Any CPU
		{3BCC4B4C-7099-4C28-83A3-5F2D85A44EB2}.Release|ARM.ActiveCfg = Release|Any CPU
		{3BCC4B4C-7099-4C28-83A3-5F2D85A44EB2}.Release|ARM.Build.0 = Release|Any CPU
		{3BCC4B4C-7099-4C28-83A3-5F2D85A44EB2}.Release|ARM.Deploy.0 = Release|Any CPU
		{3BCC4B4C-7099-4C28-83A3-5F2D85A44EB2}.Release|iPhone.ActiveCfg = Release|Any CPU
		{3BCC4B4C-7099-4C28-83A3-5F2D85A44EB2}.Release|iPhone.Build.0 = Release|Any CPU
		{3BCC4B4C-7099-4C28-83A3-5F2D85A44EB2}.Release|iPhone.Deploy.0 = Release|Any CPU
		{3BCC4B4C-7099-4C28-83A3-5F2D85A44EB2}.Release|iPhoneSimulator.ActiveCfg = Release|Any CPU
		{3BCC4B4C-7099-4C28-83A3-5F2D85A44EB2}.Release|iPhoneSimulator.Build.0 = Release|Any CPU
		{3BCC4B4C-7099-4C28-83A3-5F2D85A44EB2}.Release|iPhoneSimulator.Deploy.0 = Release|Any CPU
		{3BCC4B4C-7099-4C28-83A3-5F2D85A44EB2}.Release|x64.ActiveCfg = Release|Any CPU
		{3BCC4B4C-7099-4C28-83A3-5F2D85A44EB2}.Release|x64.Build.0 = Release|Any CPU
		{3BCC4B4C-7099-4C28-83A3-5F2D85A44EB2}.Release|x64.Deploy.0 = Release|Any CPU
		{3BCC4B4C-7099-4C28-83A3-5F2D85A44EB2}.Release|x86.ActiveCfg = Release|Any CPU
		{3BCC4B4C-7099-4C28-83A3-5F2D85A44EB2}.Release|x86.Build.0 = Release|Any CPU
		{3BCC4B4C-7099-4C28-83A3-5F2D85A44EB2}.Release|x86.Deploy.0 = Release|Any CPU
		{EE240E2C-DAC0-4646-885F-5E4D5F7A8EED}.Ad-Hoc|Any CPU.ActiveCfg = Release|Any CPU
		{EE240E2C-DAC0-4646-885F-5E4D5F7A8EED}.Ad-Hoc|Any CPU.Build.0 = Release|Any CPU
		{EE240E2C-DAC0-4646-885F-5E4D5F7A8EED}.Ad-Hoc|ARM.ActiveCfg = Release|Any CPU
		{EE240E2C-DAC0-4646-885F-5E4D5F7A8EED}.Ad-Hoc|ARM.Build.0 = Release|Any CPU
		{EE240E2C-DAC0-4646-885F-5E4D5F7A8EED}.Ad-Hoc|iPhone.ActiveCfg = Release|Any CPU
		{EE240E2C-DAC0-4646-885F-5E4D5F7A8EED}.Ad-Hoc|iPhone.Build.0 = Release|Any CPU
		{EE240E2C-DAC0-4646-885F-5E4D5F7A8EED}.Ad-Hoc|iPhoneSimulator.ActiveCfg = Release|Any CPU
		{EE240E2C-DAC0-4646-885F-5E4D5F7A8EED}.Ad-Hoc|iPhoneSimulator.Build.0 = Release|Any CPU
		{EE240E2C-DAC0-4646-885F-5E4D5F7A8EED}.Ad-Hoc|x64.ActiveCfg = Release|Any CPU
		{EE240E2C-DAC0-4646-885F-5E4D5F7A8EED}.Ad-Hoc|x64.Build.0 = Release|Any CPU
		{EE240E2C-DAC0-4646-885F-5E4D5F7A8EED}.Ad-Hoc|x86.ActiveCfg = Release|Any CPU
		{EE240E2C-DAC0-4646-885F-5E4D5F7A8EED}.Ad-Hoc|x86.Build.0 = Release|Any CPU
		{EE240E2C-DAC0-4646-885F-5E4D5F7A8EED}.AppStore|Any CPU.ActiveCfg = Release|Any CPU
		{EE240E2C-DAC0-4646-885F-5E4D5F7A8EED}.AppStore|Any CPU.Build.0 = Release|Any CPU
		{EE240E2C-DAC0-4646-885F-5E4D5F7A8EED}.AppStore|ARM.ActiveCfg = Release|Any CPU
		{EE240E2C-DAC0-4646-885F-5E4D5F7A8EED}.AppStore|ARM.Build.0 = Release|Any CPU
		{EE240E2C-DAC0-4646-885F-5E4D5F7A8EED}.AppStore|iPhone.ActiveCfg = Release|Any CPU
		{EE240E2C-DAC0-4646-885F-5E4D5F7A8EED}.AppStore|iPhone.Build.0 = Release|Any CPU
		{EE240E2C-DAC0-4646-885F-5E4D5F7A8EED}.AppStore|iPhoneSimulator.ActiveCfg = Release|Any CPU
		{EE240E2C-DAC0-4646-885F-5E4D5F7A8EED}.AppStore|iPhoneSimulator.Build.0 = Release|Any CPU
		{EE240E2C-DAC0-4646-885F-5E4D5F7A8EED}.AppStore|x64.ActiveCfg = Release|Any CPU
		{EE240E2C-DAC0-4646-885F-5E4D5F7A8EED}.AppStore|x64.Build.0 = Release|Any CPU
		{EE240E2C-DAC0-4646-885F-5E4D5F7A8EED}.AppStore|x86.ActiveCfg = Release|Any CPU
		{EE240E2C-DAC0-4646-885F-5E4D5F7A8EED}.AppStore|x86.Build.0 = Release|Any CPU
		{EE240E2C-DAC0-4646-885F-5E4D5F7A8EED}.Debug|Any CPU.ActiveCfg = Debug|Any CPU
		{EE240E2C-DAC0-4646-885F-5E4D5F7A8EED}.Debug|Any CPU.Build.0 = Debug|Any CPU
		{EE240E2C-DAC0-4646-885F-5E4D5F7A8EED}.Debug|ARM.ActiveCfg = Debug|Any CPU
		{EE240E2C-DAC0-4646-885F-5E4D5F7A8EED}.Debug|ARM.Build.0 = Debug|Any CPU
		{EE240E2C-DAC0-4646-885F-5E4D5F7A8EED}.Debug|iPhone.ActiveCfg = Debug|Any CPU
		{EE240E2C-DAC0-4646-885F-5E4D5F7A8EED}.Debug|iPhone.Build.0 = Debug|Any CPU
		{EE240E2C-DAC0-4646-885F-5E4D5F7A8EED}.Debug|iPhoneSimulator.ActiveCfg = Debug|Any CPU
		{EE240E2C-DAC0-4646-885F-5E4D5F7A8EED}.Debug|iPhoneSimulator.Build.0 = Debug|Any CPU
		{EE240E2C-DAC0-4646-885F-5E4D5F7A8EED}.Debug|x64.ActiveCfg = Debug|Any CPU
		{EE240E2C-DAC0-4646-885F-5E4D5F7A8EED}.Debug|x64.Build.0 = Debug|Any CPU
		{EE240E2C-DAC0-4646-885F-5E4D5F7A8EED}.Debug|x86.ActiveCfg = Debug|Any CPU
		{EE240E2C-DAC0-4646-885F-5E4D5F7A8EED}.Debug|x86.Build.0 = Debug|Any CPU
		{EE240E2C-DAC0-4646-885F-5E4D5F7A8EED}.Release|Any CPU.ActiveCfg = Release|Any CPU
		{EE240E2C-DAC0-4646-885F-5E4D5F7A8EED}.Release|Any CPU.Build.0 = Release|Any CPU
		{EE240E2C-DAC0-4646-885F-5E4D5F7A8EED}.Release|ARM.ActiveCfg = Release|Any CPU
		{EE240E2C-DAC0-4646-885F-5E4D5F7A8EED}.Release|ARM.Build.0 = Release|Any CPU
		{EE240E2C-DAC0-4646-885F-5E4D5F7A8EED}.Release|iPhone.ActiveCfg = Release|Any CPU
		{EE240E2C-DAC0-4646-885F-5E4D5F7A8EED}.Release|iPhone.Build.0 = Release|Any CPU
		{EE240E2C-DAC0-4646-885F-5E4D5F7A8EED}.Release|iPhoneSimulator.ActiveCfg = Release|Any CPU
		{EE240E2C-DAC0-4646-885F-5E4D5F7A8EED}.Release|iPhoneSimulator.Build.0 = Release|Any CPU
		{EE240E2C-DAC0-4646-885F-5E4D5F7A8EED}.Release|x64.ActiveCfg = Release|Any CPU
		{EE240E2C-DAC0-4646-885F-5E4D5F7A8EED}.Release|x64.Build.0 = Release|Any CPU
		{EE240E2C-DAC0-4646-885F-5E4D5F7A8EED}.Release|x86.ActiveCfg = Release|Any CPU
		{EE240E2C-DAC0-4646-885F-5E4D5F7A8EED}.Release|x86.Build.0 = Release|Any CPU
		{DBE572B6-4267-4BAF-87C5-DC4418BEDAFD}.Ad-Hoc|Any CPU.ActiveCfg = Release|x86
		{DBE572B6-4267-4BAF-87C5-DC4418BEDAFD}.Ad-Hoc|Any CPU.Build.0 = Release|x86
		{DBE572B6-4267-4BAF-87C5-DC4418BEDAFD}.Ad-Hoc|Any CPU.Deploy.0 = Release|x86
		{DBE572B6-4267-4BAF-87C5-DC4418BEDAFD}.Ad-Hoc|ARM.ActiveCfg = Release|ARM
		{DBE572B6-4267-4BAF-87C5-DC4418BEDAFD}.Ad-Hoc|ARM.Build.0 = Release|ARM
		{DBE572B6-4267-4BAF-87C5-DC4418BEDAFD}.Ad-Hoc|ARM.Deploy.0 = Release|ARM
		{DBE572B6-4267-4BAF-87C5-DC4418BEDAFD}.Ad-Hoc|iPhone.ActiveCfg = Release|x86
		{DBE572B6-4267-4BAF-87C5-DC4418BEDAFD}.Ad-Hoc|iPhone.Build.0 = Release|x86
		{DBE572B6-4267-4BAF-87C5-DC4418BEDAFD}.Ad-Hoc|iPhone.Deploy.0 = Release|x86
		{DBE572B6-4267-4BAF-87C5-DC4418BEDAFD}.Ad-Hoc|iPhoneSimulator.ActiveCfg = Release|x86
		{DBE572B6-4267-4BAF-87C5-DC4418BEDAFD}.Ad-Hoc|iPhoneSimulator.Build.0 = Release|x86
		{DBE572B6-4267-4BAF-87C5-DC4418BEDAFD}.Ad-Hoc|iPhoneSimulator.Deploy.0 = Release|x86
		{DBE572B6-4267-4BAF-87C5-DC4418BEDAFD}.Ad-Hoc|x64.ActiveCfg = Release|x64
		{DBE572B6-4267-4BAF-87C5-DC4418BEDAFD}.Ad-Hoc|x64.Build.0 = Release|x64
		{DBE572B6-4267-4BAF-87C5-DC4418BEDAFD}.Ad-Hoc|x64.Deploy.0 = Release|x64
		{DBE572B6-4267-4BAF-87C5-DC4418BEDAFD}.Ad-Hoc|x86.ActiveCfg = Release|x86
		{DBE572B6-4267-4BAF-87C5-DC4418BEDAFD}.Ad-Hoc|x86.Build.0 = Release|x86
		{DBE572B6-4267-4BAF-87C5-DC4418BEDAFD}.Ad-Hoc|x86.Deploy.0 = Release|x86
		{DBE572B6-4267-4BAF-87C5-DC4418BEDAFD}.AppStore|Any CPU.ActiveCfg = Release|x86
		{DBE572B6-4267-4BAF-87C5-DC4418BEDAFD}.AppStore|Any CPU.Build.0 = Release|x86
		{DBE572B6-4267-4BAF-87C5-DC4418BEDAFD}.AppStore|Any CPU.Deploy.0 = Release|x86
		{DBE572B6-4267-4BAF-87C5-DC4418BEDAFD}.AppStore|ARM.ActiveCfg = Release|ARM
		{DBE572B6-4267-4BAF-87C5-DC4418BEDAFD}.AppStore|ARM.Build.0 = Release|ARM
		{DBE572B6-4267-4BAF-87C5-DC4418BEDAFD}.AppStore|ARM.Deploy.0 = Release|ARM
		{DBE572B6-4267-4BAF-87C5-DC4418BEDAFD}.AppStore|iPhone.ActiveCfg = Release|x86
		{DBE572B6-4267-4BAF-87C5-DC4418BEDAFD}.AppStore|iPhone.Build.0 = Release|x86
		{DBE572B6-4267-4BAF-87C5-DC4418BEDAFD}.AppStore|iPhone.Deploy.0 = Release|x86
		{DBE572B6-4267-4BAF-87C5-DC4418BEDAFD}.AppStore|iPhoneSimulator.ActiveCfg = Release|x86
		{DBE572B6-4267-4BAF-87C5-DC4418BEDAFD}.AppStore|iPhoneSimulator.Build.0 = Release|x86
		{DBE572B6-4267-4BAF-87C5-DC4418BEDAFD}.AppStore|iPhoneSimulator.Deploy.0 = Release|x86
		{DBE572B6-4267-4BAF-87C5-DC4418BEDAFD}.AppStore|x64.ActiveCfg = Release|x64
		{DBE572B6-4267-4BAF-87C5-DC4418BEDAFD}.AppStore|x64.Build.0 = Release|x64
		{DBE572B6-4267-4BAF-87C5-DC4418BEDAFD}.AppStore|x64.Deploy.0 = Release|x64
		{DBE572B6-4267-4BAF-87C5-DC4418BEDAFD}.AppStore|x86.ActiveCfg = Release|x86
		{DBE572B6-4267-4BAF-87C5-DC4418BEDAFD}.AppStore|x86.Build.0 = Release|x86
		{DBE572B6-4267-4BAF-87C5-DC4418BEDAFD}.AppStore|x86.Deploy.0 = Release|x86
		{DBE572B6-4267-4BAF-87C5-DC4418BEDAFD}.Debug|Any CPU.ActiveCfg = Debug|x86
		{DBE572B6-4267-4BAF-87C5-DC4418BEDAFD}.Debug|ARM.ActiveCfg = Debug|ARM
		{DBE572B6-4267-4BAF-87C5-DC4418BEDAFD}.Debug|ARM.Build.0 = Debug|ARM
		{DBE572B6-4267-4BAF-87C5-DC4418BEDAFD}.Debug|ARM.Deploy.0 = Debug|ARM
		{DBE572B6-4267-4BAF-87C5-DC4418BEDAFD}.Debug|iPhone.ActiveCfg = Debug|x86
		{DBE572B6-4267-4BAF-87C5-DC4418BEDAFD}.Debug|iPhoneSimulator.ActiveCfg = Debug|x86
		{DBE572B6-4267-4BAF-87C5-DC4418BEDAFD}.Debug|x64.ActiveCfg = Debug|x64
		{DBE572B6-4267-4BAF-87C5-DC4418BEDAFD}.Debug|x64.Build.0 = Debug|x64
		{DBE572B6-4267-4BAF-87C5-DC4418BEDAFD}.Debug|x64.Deploy.0 = Debug|x64
		{DBE572B6-4267-4BAF-87C5-DC4418BEDAFD}.Debug|x86.ActiveCfg = Debug|x86
		{DBE572B6-4267-4BAF-87C5-DC4418BEDAFD}.Debug|x86.Build.0 = Debug|x86
		{DBE572B6-4267-4BAF-87C5-DC4418BEDAFD}.Debug|x86.Deploy.0 = Debug|x86
		{DBE572B6-4267-4BAF-87C5-DC4418BEDAFD}.Release|Any CPU.ActiveCfg = Release|x86
		{DBE572B6-4267-4BAF-87C5-DC4418BEDAFD}.Release|ARM.ActiveCfg = Release|ARM
		{DBE572B6-4267-4BAF-87C5-DC4418BEDAFD}.Release|ARM.Build.0 = Release|ARM
		{DBE572B6-4267-4BAF-87C5-DC4418BEDAFD}.Release|ARM.Deploy.0 = Release|ARM
		{DBE572B6-4267-4BAF-87C5-DC4418BEDAFD}.Release|iPhone.ActiveCfg = Release|x86
		{DBE572B6-4267-4BAF-87C5-DC4418BEDAFD}.Release|iPhoneSimulator.ActiveCfg = Release|x86
		{DBE572B6-4267-4BAF-87C5-DC4418BEDAFD}.Release|x64.ActiveCfg = Release|x64
		{DBE572B6-4267-4BAF-87C5-DC4418BEDAFD}.Release|x64.Build.0 = Release|x64
		{DBE572B6-4267-4BAF-87C5-DC4418BEDAFD}.Release|x64.Deploy.0 = Release|x64
		{DBE572B6-4267-4BAF-87C5-DC4418BEDAFD}.Release|x86.ActiveCfg = Release|x86
		{DBE572B6-4267-4BAF-87C5-DC4418BEDAFD}.Release|x86.Build.0 = Release|x86
		{DBE572B6-4267-4BAF-87C5-DC4418BEDAFD}.Release|x86.Deploy.0 = Release|x86
		{F8BE16A1-9EF3-48FA-BD64-984F29641883}.Ad-Hoc|Any CPU.ActiveCfg = Ad-Hoc|iPhoneSimulator
		{F8BE16A1-9EF3-48FA-BD64-984F29641883}.Ad-Hoc|ARM.ActiveCfg = Ad-Hoc|iPhone
		{F8BE16A1-9EF3-48FA-BD64-984F29641883}.Ad-Hoc|iPhone.ActiveCfg = Ad-Hoc|iPhone
		{F8BE16A1-9EF3-48FA-BD64-984F29641883}.Ad-Hoc|iPhone.Build.0 = Ad-Hoc|iPhone
		{F8BE16A1-9EF3-48FA-BD64-984F29641883}.Ad-Hoc|iPhoneSimulator.ActiveCfg = Ad-Hoc|iPhoneSimulator
		{F8BE16A1-9EF3-48FA-BD64-984F29641883}.Ad-Hoc|iPhoneSimulator.Build.0 = Ad-Hoc|iPhoneSimulator
		{F8BE16A1-9EF3-48FA-BD64-984F29641883}.Ad-Hoc|x64.ActiveCfg = Ad-Hoc|iPhone
		{F8BE16A1-9EF3-48FA-BD64-984F29641883}.Ad-Hoc|x86.ActiveCfg = Ad-Hoc|iPhone
		{F8BE16A1-9EF3-48FA-BD64-984F29641883}.AppStore|Any CPU.ActiveCfg = AppStore|iPhoneSimulator
		{F8BE16A1-9EF3-48FA-BD64-984F29641883}.AppStore|ARM.ActiveCfg = AppStore|iPhone
		{F8BE16A1-9EF3-48FA-BD64-984F29641883}.AppStore|iPhone.ActiveCfg = AppStore|iPhone
		{F8BE16A1-9EF3-48FA-BD64-984F29641883}.AppStore|iPhone.Build.0 = AppStore|iPhone
		{F8BE16A1-9EF3-48FA-BD64-984F29641883}.AppStore|iPhoneSimulator.ActiveCfg = AppStore|iPhoneSimulator
		{F8BE16A1-9EF3-48FA-BD64-984F29641883}.AppStore|iPhoneSimulator.Build.0 = AppStore|iPhoneSimulator
		{F8BE16A1-9EF3-48FA-BD64-984F29641883}.AppStore|x64.ActiveCfg = AppStore|iPhone
		{F8BE16A1-9EF3-48FA-BD64-984F29641883}.AppStore|x86.ActiveCfg = AppStore|iPhone
		{F8BE16A1-9EF3-48FA-BD64-984F29641883}.Debug|Any CPU.ActiveCfg = Debug|iPhoneSimulator
		{F8BE16A1-9EF3-48FA-BD64-984F29641883}.Debug|ARM.ActiveCfg = Debug|iPhone
		{F8BE16A1-9EF3-48FA-BD64-984F29641883}.Debug|iPhone.ActiveCfg = Debug|iPhone
		{F8BE16A1-9EF3-48FA-BD64-984F29641883}.Debug|iPhone.Build.0 = Debug|iPhone
		{F8BE16A1-9EF3-48FA-BD64-984F29641883}.Debug|iPhoneSimulator.ActiveCfg = Debug|iPhoneSimulator
		{F8BE16A1-9EF3-48FA-BD64-984F29641883}.Debug|iPhoneSimulator.Build.0 = Debug|iPhoneSimulator
		{F8BE16A1-9EF3-48FA-BD64-984F29641883}.Debug|x64.ActiveCfg = Debug|iPhone
		{F8BE16A1-9EF3-48FA-BD64-984F29641883}.Debug|x86.ActiveCfg = Debug|iPhone
		{F8BE16A1-9EF3-48FA-BD64-984F29641883}.Release|Any CPU.ActiveCfg = Release|iPhoneSimulator
		{F8BE16A1-9EF3-48FA-BD64-984F29641883}.Release|ARM.ActiveCfg = Release|iPhone
		{F8BE16A1-9EF3-48FA-BD64-984F29641883}.Release|iPhone.ActiveCfg = Release|iPhone
		{F8BE16A1-9EF3-48FA-BD64-984F29641883}.Release|iPhone.Build.0 = Release|iPhone
		{F8BE16A1-9EF3-48FA-BD64-984F29641883}.Release|iPhoneSimulator.ActiveCfg = Release|iPhoneSimulator
		{F8BE16A1-9EF3-48FA-BD64-984F29641883}.Release|iPhoneSimulator.Build.0 = Release|iPhoneSimulator
		{F8BE16A1-9EF3-48FA-BD64-984F29641883}.Release|x64.ActiveCfg = Release|iPhone
		{F8BE16A1-9EF3-48FA-BD64-984F29641883}.Release|x86.ActiveCfg = Release|iPhone
	EndGlobalSection
	GlobalSection(SolutionProperties) = preSolution
		HideSolutionNode = FALSE
	EndGlobalSection
	GlobalSection(ExtensibilityGlobals) = postSolution
		SolutionGuid = {B0F78FC8-583B-4C2B-ABE4-079CAA40282E}
	EndGlobalSection
EndGlobal
